
Microsoft Visual Studio Solution File, Format Version 12.00
# Visual Studio 15
VisualStudioVersion = 15.0.28307.1000
MinimumVisualStudioVersion = 10.0.40219.1
Project("{8BC9CEB8-8B4A-11D0-8D11-00A0C91BC942}") = "HW3", "HW3\HW3.vcxproj", "{978D6D56-A4AA-4620-908F-D467823E7782}"
EndProject
Global
	GlobalSection(SolutionConfigurationPlatforms) = preSolution
		Debug|x64 = Debug|x64
		Debug|x86 = Debug|x86
		Release|x64 = Release|x64
		Release|x86 = Release|x86
	EndGlobalSection
	GlobalSection(ProjectConfigurationPlatforms) = postSolution
		{978D6D56-A4AA-4620-908F-D467823E7782}.Debug|x64.ActiveCfg = Debug|x64
		{978D6D56-A4AA-4620-908F-D467823E7782}.Debug|x64.Build.0 = Debug|x64
		{978D6D56-A4AA-4620-908F-D467823E7782}.Debug|x86.ActiveCfg = Debug|Win32
		{978D6D56-A4AA-4620-908F-D467823E7782}.Debug|x86.Build.0 = Debug|Win32
		{978D6D56-A4AA-4620-908F-D467823E7782}.Release|x64.ActiveCfg = Release|x64
		{978D6D56-A4AA-4620-908F-D467823E7782}.Release|x64.Build.0 = Release|x64
		{978D6D56-A4AA-4620-908F-D467823E7782}.Release|x86.ActiveCfg = Release|Win32
		{978D6D56-A4AA-4620-908F-D467823E7782}.Release|x86.Build.0 = Release|Win32
	EndGlobalSection
	GlobalSection(SolutionProperties) = preSolution
		HideSolutionNode = FALSE
	EndGlobalSection
	GlobalSection(ExtensibilityGlobals) = postSolution
		SolutionGuid = {C109F63D-8006-476E-BD55-3BDF433DE0CC}
	EndGlobalSection
EndGlobal
