
Microsoft Visual Studio Solution File, Format Version 12.00
# Visual Studio 15
VisualStudioVersion = 15.0.28307.1000
MinimumVisualStudioVersion = 10.0.40219.1
Project("{8BC9CEB8-8B4A-11D0-8D11-00A0C91BC942}") = "Project", "Project\Project.vcxproj", "{6146FB73-5038-4097-9090-93D89C76D051}"
EndProject
Global
	GlobalSection(SolutionConfigurationPlatforms) = preSolution
		Debug|x64 = Debug|x64
		Debug|x86 = Debug|x86
		Release|x64 = Release|x64
		Release|x86 = Release|x86
	EndGlobalSection
	GlobalSection(ProjectConfigurationPlatforms) = postSolution
		{6146FB73-5038-4097-9090-93D89C76D051}.Debug|x64.ActiveCfg = Debug|x64
		{6146FB73-5038-4097-9090-93D89C76D051}.Debug|x64.Build.0 = Debug|x64
		{6146FB73-5038-4097-9090-93D89C76D051}.Debug|x86.ActiveCfg = Debug|Win32
		{6146FB73-5038-4097-9090-93D89C76D051}.Debug|x86.Build.0 = Debug|Win32
		{6146FB73-5038-4097-9090-93D89C76D051}.Release|x64.ActiveCfg = Release|x64
		{6146FB73-5038-4097-9090-93D89C76D051}.Release|x64.Build.0 = Release|x64
		{6146FB73-5038-4097-9090-93D89C76D051}.Release|x86.ActiveCfg = Release|Win32
		{6146FB73-5038-4097-9090-93D89C76D051}.Release|x86.Build.0 = Release|Win32
	EndGlobalSection
	GlobalSection(SolutionProperties) = preSolution
		HideSolutionNode = FALSE
	EndGlobalSection
	GlobalSection(ExtensibilityGlobals) = postSolution
		SolutionGuid = {4C39E83E-69DD-4CF5-8F83-E5B6FD123235}
	EndGlobalSection
EndGlobal
